// !$*UTF8*$!
{
	archiveVersion = 1;
	classes = {
	};
	objectVersion = 46;
	objects = {

/* Begin PBXBuildFile section */
		C36434831D00EE09000748B7 /* AppDelegate.swift in Sources */ = {isa = PBXBuildFile; fileRef = C36434821D00EE09000748B7 /* AppDelegate.swift */; };
		C36434851D00EE09000748B7 /* ViewController.swift in Sources */ = {isa = PBXBuildFile; fileRef = C36434841D00EE09000748B7 /* ViewController.swift */; };
		C36434881D00EE09000748B7 /* Main.storyboard in Resources */ = {isa = PBXBuildFile; fileRef = C36434861D00EE09000748B7 /* Main.storyboard */; };
		C364348A1D00EE09000748B7 /* Assets.xcassets in Resources */ = {isa = PBXBuildFile; fileRef = C36434891D00EE09000748B7 /* Assets.xcassets */; };
		C364348D1D00EE09000748B7 /* LaunchScreen.storyboard in Resources */ = {isa = PBXBuildFile; fileRef = C364348B1D00EE09000748B7 /* LaunchScreen.storyboard */; };
/* End PBXBuildFile section */

/* Begin PBXFileReference section */
		C364347F1D00EE09000748B7 /* GhostCells.app */ = {isa = PBXFileReference; explicitFileType = wrapper.application; includeInIndex = 0; path = GhostCells.app; sourceTree = BUILT_PRODUCTS_DIR; };
		C36434821D00EE09000748B7 /* AppDelegate.swift */ = {isa = PBXFileReference; lastKnownFileType = sourcecode.swift; path = AppDelegate.swift; sourceTree = "<group>"; };
		C36434841D00EE09000748B7 /* ViewController.swift */ = {isa = PBXFileReference; lastKnownFileType = sourcecode.swift; path = ViewController.swift; sourceTree = "<group>"; };
		C36434871D00EE09000748B7 /* Base */ = {isa = PBXFileReference; lastKnownFileType = file.storyboard; name = Base; path = Base.lproj/Main.storyboard; sourceTree = "<group>"; };
		C36434891D00EE09000748B7 /* Assets.xcassets */ = {isa = PBXFileReference; lastKnownFileType = folder.assetcatalog; path = Assets.xcassets; sourceTree = "<group>"; };
		C364348C1D00EE09000748B7 /* Base */ = {isa = PBXFileReference; lastKnownFileType = file.storyboard; name = Base; path = Base.lproj/LaunchScreen.storyboard; sourceTree = "<group>"; };
		C364348E1D00EE09000748B7 /* Info.plist */ = {isa = PBXFileReference; lastKnownFileType = text.plist.xml; path = Info.plist; sourceTree = "<group>"; };
/* End PBXFileReference section */

/* Begin PBXFrameworksBuildPhase section */
		C364347C1D00EE09000748B7 /* Frameworks */ = {
			isa = PBXFrameworksBuildPhase;
			buildActionMask = 2147483647;
			files = (
			);
			runOnlyForDeploymentPostprocessing = 0;
		};
/* End PBXFrameworksBuildPhase section */

/* Begin PBXGroup section */
		C36434761D00EE09000748B7 = {
			isa = PBXGroup;
			children = (
				C36434811D00EE09000748B7 /* GhostCells */,
				C36434801D00EE09000748B7 /* Products */,
			);
			sourceTree = "<group>";
		};
		C36434801D00EE09000748B7 /* Products */ = {
			isa = PBXGroup;
			children = (
				C364347F1D00EE09000748B7 /* GhostCells.app */,
			);
			name = Products;
			sourceTree = "<group>";
		};
		C36434811D00EE09000748B7 /* GhostCells */ = {
			isa = PBXGroup;
			children = (
				C36434821D00EE09000748B7 /* AppDelegate.swift */,
				C36434841D00EE09000748B7 /* ViewController.swift */,
				C36434861D00EE09000748B7 /* Main.storyboard */,
				C36434891D00EE09000748B7 /* Assets.xcassets */,
				C364348B1D00EE09000748B7 /* LaunchScreen.storyboard */,
				C364348E1D00EE09000748B7 /* Info.plist */,
			);
			path = GhostCells;
			sourceTree = "<group>";
		};
/* End PBXGroup section */

/* Begin PBXNativeTarget section */
		C364347E1D00EE09000748B7 /* GhostCells */ = {
			isa = PBXNativeTarget;
			buildConfigurationList = C36434911D00EE09000748B7 /* Build configuration list for PBXNativeTarget "GhostCells" */;
			buildPhases = (
				C364347B1D00EE09000748B7 /* Sources */,
				C364347C1D00EE09000748B7 /* Frameworks */,
				C364347D1D00EE09000748B7 /* Resources */,
			);
			buildRules = (
			);
			dependencies = (
			);
			name = GhostCells;
			productName = GhostCells;
			productReference = C364347F1D00EE09000748B7 /* GhostCells.app */;
			productType = "com.apple.product-type.application";
		};
/* End PBXNativeTarget section */

/* Begin PBXProject section */
		C36434771D00EE09000748B7 /* Project object */ = {
			isa = PBXProject;
			attributes = {
				LastSwiftUpdateCheck = 0730;
				LastUpgradeCheck = 0730;
				ORGANIZATIONNAME = Diego;
				TargetAttributes = {
					C364347E1D00EE09000748B7 = {
						CreatedOnToolsVersion = 7.3.1;
					};
				};
			};
			buildConfigurationList = C364347A1D00EE09000748B7 /* Build configuration list for PBXProject "GhostCells" */;
			compatibilityVersion = "Xcode 3.2";
			developmentRegion = English;
			hasScannedForEncodings = 0;
			knownRegions = (
				en,
				Base,
			);
			mainGroup = C36434761D00EE09000748B7;
			productRefGroup = C36434801D00EE09000748B7 /* Products */;
			projectDirPath = "";
			projectRoot = "";
			targets = (
				C364347E1D00EE09000748B7 /* GhostCells */,
			);
		};
/* End PBXProject section */

/* Begin PBXResourcesBuildPhase section */
		C364347D1D00EE09000748B7 /* Resources */ = {
			isa = PBXResourcesBuildPhase;
			buildActionMask = 2147483647;
			files = (
				C364348D1D00EE09000748B7 /* LaunchScreen.storyboard in Resources */,
				C364348A1D00EE09000748B7 /* Assets.xcassets in Resources */,
				C36434881D00EE09000748B7 /* Main.storyboard in Resources */,
			);
			runOnlyForDeploymentPostprocessing = 0;
		};
/* End PBXResourcesBuildPhase section */

/* Begin PBXSourcesBuildPhase section */
		C364347B1D00EE09000748B7 /* Sources */ = {
			isa = PBXSourcesBuildPhase;
			buildActionMask = 2147483647;
			files = (
				C36434851D00EE09000748B7 /* ViewController.swift in Sources */,
				C36434831D00EE09000748B7 /* AppDelegate.swift in Sources */,
			);
			runOnlyForDeploymentPostprocessing = 0;
		};
/* End PBXSourcesBuildPhase section */

/* Begin PBXVariantGroup section */
		C36434861D00EE09000748B7 /* Main.storyboard */ = {
			isa = PBXVariantGroup;
			children = (
				C36434871D00EE09000748B7 /* Base */,
			);
			name = Main.storyboard;
			sourceTree = "<group>";
		};
		C364348B1D00EE09000748B7 /* LaunchScreen.storyboard */ = {
			isa = PBXVariantGroup;
			children = (
				C364348C1D00EE09000748B7 /* Base */,
			);
			name = LaunchScreen.storyboard;
			sourceTree = "<group>";
		};
/* End PBXVariantGroup section */

/* Begin XCBuildConfiguration section */
		C364348F1D00EE09000748B7 /* Debug */ = {
			isa = XCBuildConfiguration;
			buildSettings = {
				ALWAYS_SEARCH_USER_PATHS = NO;
				CLANG_ANALYZER_NONNULL = YES;
				CLANG_CXX_LANGUAGE_STANDARD = "gnu++0x";
				CLANG_CXX_LIBRARY = "libc++";
				CLANG_ENABLE_MODULES = YES;
				CLANG_ENABLE_OBJC_ARC = YES;
				CLANG_WARN_BOOL_CONVERSION = YES;
				CLANG_WARN_CONSTANT_CONVERSION = YES;
				CLANG_WARN_DIRECT_OBJC_ISA_USAGE = YES_ERROR;
				CLANG_WARN_EMPTY_BODY = YES;
				CLANG_WARN_ENUM_CONVERSION = YES;
				CLANG_WARN_INT_CONVERSION = YES;
				CLANG_WARN_OBJC_ROOT_CLASS = YES_ERROR;
				CLANG_WARN_UNREACHABLE_CODE = YES;
				CLANG_WARN__DUPLICATE_METHOD_MATCH = YES;
				"CODE_SIGN_IDENTITY[sdk=iphoneos*]" = "iPhone Developer";
				COPY_PHASE_STRIP = NO;
				DEBUG_INFORMATION_FORMAT = dwarf;
				ENABLE_STRICT_OBJC_MSGSEND = YES;
				ENABLE_TESTABILITY = YES;
				GCC_C_LANGUAGE_STANDARD = gnu99;
				GCC_DYNAMIC_NO_PIC = NO;
				GCC_NO_COMMON_BLOCKS = YES;
				GCC_OPTIMIZATION_LEVEL = 0;
				GCC_PREPROCESSOR_DEFINITIONS = (
					"DEBUG=1",
					"$(inherited)",
				);
				GCC_WARN_64_TO_32_BIT_CONVERSION = YES;
				GCC_WARN_ABOUT_RETURN_TYPE = YES_ERROR;
				GCC_WARN_UNDECLARED_SELECTOR = YES;
				GCC_WARN_UNINITIALIZED_AUTOS = YES_AGGRESSIVE;
				GCC_WARN_UNUSED_FUNCTION = YES;
				GCC_WARN_UNUSED_VARIABLE = YES;
				IPHONEOS_DEPLOYMENT_TARGET = 9.3;
				MTL_ENABLE_DEBUG_INFO = YES;
				ONLY_ACTIVE_ARCH = YES;
				SDKROOT = iphoneos;
				SWIFT_OPTIMIZATION_LEVEL = "-Onone";
			};
			name = Debug;
		};
		C36434901D00EE09000748B7 /* Release */ = {
			isa = XCBuildConfiguration;
			buildSettings = {
				ALWAYS_SEARCH_USER_PATHS = NO;
				CLANG_ANALYZER_NONNULL = YES;
				CLANG_CXX_LANGUAGE_STANDARD = "gnu++0x";
				CLANG_CXX_LIBRARY = "libc++";
				CLANG_ENABLE_MODULES = YES;
				CLANG_ENABLE_OBJC_ARC = YES;
				CLANG_WARN_BOOL_CONVERSION = YES;
				CLANG_WARN_CONSTANT_CONVERSION = YES;
				CLANG_WARN_DIRECT_OBJC_ISA_USAGE = YES_ERROR;
				CLANG_WARN_EMPTY_BODY = YES;
				CLANG_WARN_ENUM_CONVERSION = YES;
				CLANG_WARN_INT_CONVERSION = YES;
				CLANG_WARN_OBJC_ROOT_CLASS = YES_ERROR;
				CLANG_WARN_UNREACHABLE_CODE = YES;
				CLANG_WARN__DUPLICATE_METHOD_MATCH = YES;
				"CODE_SIGN_IDENTITY[sdk=iphoneos*]" = "iPhone Developer";
				COPY_PHASE_STRIP = NO;
				DEBUG_INFORMATION_FORMAT = "dwarf-with-dsym";
				ENABLE_NS_ASSERTIONS = NO;
				ENABLE_STRICT_OBJC_MSGSEND = YES;
				GCC_C_LANGUAGE_STANDARD = gnu99;
				GCC_NO_COMMON_BLOCKS = YES;
				GCC_WARN_64_TO_32_BIT_CONVERSION = YES;
				GCC_WARN_ABOUT_RETURN_TYPE = YES_ERROR;
				GCC_WARN_UNDECLARED_SELECTOR = YES;
				GCC_WARN_UNINITIALIZED_AUTOS = YES_AGGRESSIVE;
				GCC_WARN_UNUSED_FUNCTION = YES;
				GCC_WARN_UNUSED_VARIABLE = YES;
				IPHONEOS_DEPLOYMENT_TARGET = 9.3;
				MTL_ENABLE_DEBUG_INFO = NO;
				SDKROOT = iphoneos;
				VALIDATE_PRODUCT = YES;
			};
			name = Release;
		};
		C36434921D00EE09000748B7 /* Debug */ = {
			isa = XCBuildConfiguration;
			buildSettings = {
				ASSETCATALOG_COMPILER_APPICON_NAME = AppIcon;
				INFOPLIST_FILE = GhostCells/Info.plist;
				LD_RUNPATH_SEARCH_PATHS = "$(inherited) @executable_path/Frameworks";
				PRODUCT_BUNDLE_IDENTIFIER = com.diego.GhostCells;
				PRODUCT_NAME = "$(TARGET_NAME)";
			};
			name = Debug;
		};
		C36434931D00EE09000748B7 /* Release */ = {
			isa = XCBuildConfiguration;
			buildSettings = {
				ASSETCATALOG_COMPILER_APPICON_NAME = AppIcon;
				INFOPLIST_FILE = GhostCells/Info.plist;
				LD_RUNPATH_SEARCH_PATHS = "$(inherited) @executable_path/Frameworks";
				PRODUCT_BUNDLE_IDENTIFIER = com.diego.GhostCells;
				PRODUCT_NAME = "$(TARGET_NAME)";
			};
			name = Release;
		};
/* End XCBuildConfiguration section */

/* Begin XCConfigurationList section */
		C364347A1D00EE09000748B7 /* Build configuration list for PBXProject "GhostCells" */ = {
			isa = XCConfigurationList;
			buildConfigurations = (
				C364348F1D00EE09000748B7 /* Debug */,
				C36434901D00EE09000748B7 /* Release */,
			);
			defaultConfigurationIsVisible = 0;
			defaultConfigurationName = Release;
		};
		C36434911D00EE09000748B7 /* Build configuration list for PBXNativeTarget "GhostCells" */ = {
			isa = XCConfigurationList;
			buildConfigurations = (
				C36434921D00EE09000748B7 /* Debug */,
				C36434931D00EE09000748B7 /* Release */,
			);
			defaultConfigurationIsVisible = 0;
		};
/* End XCConfigurationList section */
	};
	rootObject = C36434771D00EE09000748B7 /* Project object */;
}
